
Microsoft Visual Studio Solution File, Format Version 12.00
# Visual Studio 15
Project("{FAE04EC0-301F-11D3-BF4B-00C04F79EFBC}") = "Assembly-CSharp-firstpass", "Assembly-CSharp-firstpass.csproj", "{71898705-6C38-C846-F3D2-14767F8EEF9D}"
EndProject
Project("{FAE04EC0-301F-11D3-BF4B-00C04F79EFBC}") = "Assembly-CSharp", "Assembly-CSharp.csproj", "{546E4E5B-90EA-FC25-E7C7-9890E9038A89}"
EndProject
Global
	GlobalSection(SolutionConfigurationPlatforms) = preSolution
		Debug|Any CPU = Debug|Any CPU
		Release|Any CPU = Release|Any CPU
	EndGlobalSection
	GlobalSection(ProjectConfigurationPlatforms) = postSolution
		{71898705-6C38-C846-F3D2-14767F8EEF9D}.Debug|Any CPU.ActiveCfg = Debug|Any CPU
		{71898705-6C38-C846-F3D2-14767F8EEF9D}.Debug|Any CPU.Build.0 = Debug|Any CPU
		{71898705-6C38-C846-F3D2-14767F8EEF9D}.Release|Any CPU.ActiveCfg = Release|Any CPU
		{71898705-6C38-C846-F3D2-14767F8EEF9D}.Release|Any CPU.Build.0 = Release|Any CPU
		{546E4E5B-90EA-FC25-E7C7-9890E9038A89}.Debug|Any CPU.ActiveCfg = Debug|Any CPU
		{546E4E5B-90EA-FC25-E7C7-9890E9038A89}.Debug|Any CPU.Build.0 = Debug|Any CPU
		{546E4E5B-90EA-FC25-E7C7-9890E9038A89}.Release|Any CPU.ActiveCfg = Release|Any CPU
		{546E4E5B-90EA-FC25-E7C7-9890E9038A89}.Release|Any CPU.Build.0 = Release|Any CPU
	EndGlobalSection
	GlobalSection(SolutionProperties) = preSolution
		HideSolutionNode = FALSE
	EndGlobalSection
EndGlobal
